schema: '2.0'
stages:
  data_ingestion:
    cmd: python src/cnnClassifier/pipeline/stage_01_data_ingestion.py
    deps:
    - path: config/config.yaml
      hash: md5
      md5: 103a88ea8aa06f6e0757ba29f2bf14c3
      size: 582
    - path: src/cnnClassifier/pipeline/stage_01_data_ingestion.py
      hash: md5
      md5: e0c87ce7802d18b7c095a4f47740b37f
      size: 781
    outs:
    - path: artifacts/data_ingestion/kidney-ct-scan-image
      hash: md5
      md5: 33ed59dbe5dec8ce2bb8e489b55203e4.dir
      size: 58936381
      nfiles: 465
  prepare_base_model:
    cmd: python src/cnnClassifier/pipeline/stage_02_prepare_base_model.py
    deps:
    - path: config/config.yaml
      hash: md5
      md5: 103a88ea8aa06f6e0757ba29f2bf14c3
      size: 582
    - path: src/cnnClassifier/pipeline/stage_02_prepare_base_model.py
      hash: md5
      md5: 9bfaca3e49c6a873acacbebd07d9efc2
      size: 817
    params:
      params.yaml:
        CLASSES: 2
        IMAGE_SIZE:
        - 224
        - 224
        - 3
        INCLUDE_TOP: false
        LEARNING_RATE: 0.01
        WEIGHTS: imagenet
    outs:
    - path: artifacts/prepare_base_model
      hash: md5
      md5: 93ac0e4e0bbe505a862ed27490decc73.dir
      size: 118053368
      nfiles: 2
  model_training:
    cmd: python src/cnnClassifier/pipeline/stage_03_model_training.py
    deps:
    - path: artifacts/data_ingestion/kidney-ct-scan-image
      hash: md5
      md5: 33ed59dbe5dec8ce2bb8e489b55203e4.dir
      size: 58936381
      nfiles: 465
    - path: artifacts/prepare_base_model
      hash: md5
      md5: 93ac0e4e0bbe505a862ed27490decc73.dir
      size: 118053368
      nfiles: 2
    - path: config/config.yaml
      hash: md5
      md5: 103a88ea8aa06f6e0757ba29f2bf14c3
      size: 582
    - path: src/cnnClassifier/pipeline/stage_03_model_training.py
      hash: md5
      md5: e6a61fad4781c74c61ef8610f97aa63a
      size: 859
    params:
      params.yaml:
        AUGMENTATION: true
        BATCH_SIZE: 16
        EPOCHS: 1
        IMAGE_SIZE:
        - 224
        - 224
        - 3
    outs:
    - path: artifacts/training/model.h5
      hash: md5
      md5: 328a8066ca5de61a2e6fecbf8f46e54b
      size: 59135136
  training:
    cmd: python src/cnnClassifier/pipeline/stage_03_model_training.py
    deps:
    - path: artifacts/data_ingestion/kidney-ct-scan-image
      hash: md5
      md5: 33ed59dbe5dec8ce2bb8e489b55203e4.dir
      size: 58936381
      nfiles: 465
    - path: artifacts/prepare_base_model
      hash: md5
      md5: 93ac0e4e0bbe505a862ed27490decc73.dir
      size: 118053368
      nfiles: 2
    - path: config/config.yaml
      hash: md5
      md5: 103a88ea8aa06f6e0757ba29f2bf14c3
      size: 582
    - path: src/cnnClassifier/pipeline/stage_03_model_training.py
      hash: md5
      md5: e6a61fad4781c74c61ef8610f97aa63a
      size: 859
    params:
      params.yaml:
        AUGMENTATION: true
        BATCH_SIZE: 16
        EPOCHS: 1
        IMAGE_SIZE:
        - 224
        - 224
        - 3
    outs:
    - path: artifacts/training/model.h5
      hash: md5
      md5: 328a8066ca5de61a2e6fecbf8f46e54b
      size: 59135136
  evaluation:
    cmd: python src/cnnClassifier/pipeline/stage_04_model_evaluation_wit_MLFLOW.py
    deps:
    - path: artifacts/data_ingestion/kidney-ct-scan-image
      hash: md5
      md5: 33ed59dbe5dec8ce2bb8e489b55203e4.dir
      size: 58936381
      nfiles: 465
    - path: artifacts/training/model.h5
      hash: md5
      md5: 328a8066ca5de61a2e6fecbf8f46e54b
      size: 59135136
    - path: config/config.yaml
      hash: md5
      md5: 103a88ea8aa06f6e0757ba29f2bf14c3
      size: 582
    - path: src/cnnClassifier/pipeline/stage_04_model_evaluation_wit_MLFLOW.py
      hash: md5
      md5: 0a69f635285c77414d03d808148baa53
      size: 698
    params:
      params.yaml:
        BATCH_SIZE: 16
        IMAGE_SIZE:
        - 224
        - 224
        - 3
    outs:
    - path: scores.json
      hash: md5
      md5: b4650059d4d8c898c4acaabe583dfac3
      size: 72
